{
  "name": "l7-live-traffic-pro",
  "version": "3.2.0",
  "lockfileVersion": 3,
  "requires": true,
  "packages": {
    "": {
      "name": "l7-live-traffic-pro",
      "version": "3.2.0",
      "dependencies": {
        "cors": "^2.8.5",
        "express": "^4.19.2",
        "morgan": "^1.10.0"
      }
    },
    "node_modules/accepts": {
      "version": "1.3.8",
      "resolved": "https://registry.npmjs.org/accepts/-/accepts-1.3.8.tgz",
      "integrity": "sha512-4hGDNvTqvR8dF0N4f4ZkqX5cclzI6pFi8vfaOqkaHnUWeEoh07J4ajMI4P7iV7YdrkK1s9CkXzNP3sxj4XxWwg==",
      "dependencies": {
        "mime-types": "~2.1.34",
        "negotiator": "0.6.3"
      }
    },
    "node_modules/array-flatten": {
      "version": "1.1.1",
      "resolved": "https://registry.npmjs.org/array-flatten/-/array-flatten-1.1.1.tgz",
      "integrity": "sha512-PCVAQF+vx17h1Rtv6QQFyI8lBf6e0pR1Uw+jN8s5KZ3t8M2tpO6O1KU0d6l1I1IEkPqAt3ErTj5TDAF+2N+z8w=="
    },
    "node_modules/body-parser": {
      "version": "1.20.3",
      "resolved": "https://registry.npmjs.org/body-parser/-/body-parser-1.20.3.tgz",
      "integrity": "sha512-nSEu1B6xzYVJwP0EjXo/6n0zC8BL6RzR9zOHueMKKx6Kx8MBkZtlfGRkboO0v+BQ10UfYHdzgQzv+dUefrCzQQ==",
      "dependencies": {
        "bytes": "3.1.2",
        "content-type": "~1.0.5",
        "debug": "2.6.9",
        "depd": "2.0.0",
        "http-errors": "2.0.0",
        "iconv-lite": "0.4.24",
        "on-finished": "2.4.1",
        "qs": "6.13.0",
        "raw-body": "2.5.2",
        "type-is": "~1.6.18"
      }
    },
    "node_modules/cors": {
      "version": "2.8.5",
      "resolved": "https://registry.npmjs.org/cors/-/cors-2.8.5.tgz",
      "integrity": "sha512-KYyG94C1f+rOLzVzFps2ZV7kZ8fI+7rG4JgojPVdM7tqipCPQEY7F6E/uhpUYEgJ3wWJQ2nZ8YF4s4EK3zgLFw==",
      "dependencies": {
        "object-assign": "^4",
        "vary": "^1"
      }
    },
    "node_modules/express": {
      "version": "4.19.2",
      "resolved": "https://registry.npmjs.org/express/-/express-4.19.2.tgz",
      "integrity": "sha512-5a2rRzFvxT1uPZ6wO1Ebt9hN8GXKovA/4rOvjAd4cd4l8pgw0NBOmv1snk5ufm9W1V9u06v6D6Q0d06Jt3bNtw==",
      "dependencies": {
        "accepts": "~1.3.8",
        "array-flatten": "1.1.1",
        "body-parser": "1.20.3",
        "content-disposition": "0.5.4",
        "content-type": "~1.0.4",
        "cookie": "0.6.0",
        "cookie-signature": "1.0.7",
        "debug": "2.6.9",
        "depd": "2.0.0",
        "encodeurl": "~1.0.2",
        "escape-html": "~1.0.3",
        "etag": "~1.8.1",
        "finalhandler": "1.2.0",
        "fresh": "0.5.2",
        "merge-descriptors": "1.0.3",
        "methods": "~1.1.2",
        "on-finished": "2.4.1",
        "parseurl": "~1.3.3",
        "path-to-regexp": "0.1.12",
        "proxy-addr": "~2.0.7",
        "qs": "6.13.0",
        "range-parser": "~1.2.1",
        "safe-buffer": "5.2.1",
        "send": "0.19.0",
        "serve-static": "1.16.2",
        "setprototypeof": "1.2.0",
        "statuses": "2.0.1",
        "type-is": "~1.6.18",
        "utils-merge": "1.0.1",
        "vary": "~1.1.2"
      }
    },
    "node_modules/morgan": {
      "version": "1.10.0",
      "resolved": "https://registry.npmjs.org/morgan/-/morgan-1.10.0.tgz",
      "integrity": "sha512-fMLq7TS9kUWRv3xL7+FF9BrAcE7HY4rWmP0JfLjaQJqZcOoapdBZMQhDJSCKE8AbK6E+pYZcPRY4lNXQkffCLg==",
      "dependencies": {
        "basic-auth": "~2.0.1",
        "debug": "2.6.9",
        "depd": "~2.0.0",
        "on-finished": "~2.3.0",
        "on-headers": "~1.0.2"
      }
    }
  }
}
